
Microsoft Visual Studio Solution File, Format Version 12.00
# Visual Studio 15
VisualStudioVersion = 15.0.28307.757
MinimumVisualStudioVersion = 10.0.40219.1
Project("{FAE04EC0-301F-11D3-BF4B-00C04F79EFBC}") = "CustomGameMaps", "CustomGameMaps\CustomGameMaps.csproj", "{BB57B5B1-2047-45DC-8E63-EDF6E7F3F1FF}"
EndProject
Project("{9A19103F-16F7-4668-BE54-9A1E7A4F7556}") = "CustomGameMaps.Test", "CustomGameMaps.Test\CustomGameMaps.Test.csproj", "{A0A98F4F-DDD0-493B-8FEB-C59A67D943B1}"
EndProject
Global
	GlobalSection(SolutionConfigurationPlatforms) = preSolution
		Debug|Any CPU = Debug|Any CPU
		Release|Any CPU = Release|Any CPU
	EndGlobalSection
	GlobalSection(ProjectConfigurationPlatforms) = postSolution
		{BB57B5B1-2047-45DC-8E63-EDF6E7F3F1FF}.Debug|Any CPU.ActiveCfg = Debug|Any CPU
		{BB57B5B1-2047-45DC-8E63-EDF6E7F3F1FF}.Debug|Any CPU.Build.0 = Debug|Any CPU
		{BB57B5B1-2047-45DC-8E63-EDF6E7F3F1FF}.Release|Any CPU.ActiveCfg = Release|Any CPU
		{BB57B5B1-2047-45DC-8E63-EDF6E7F3F1FF}.Release|Any CPU.Build.0 = Release|Any CPU
		{A0A98F4F-DDD0-493B-8FEB-C59A67D943B1}.Debug|Any CPU.ActiveCfg = Debug|Any CPU
		{A0A98F4F-DDD0-493B-8FEB-C59A67D943B1}.Debug|Any CPU.Build.0 = Debug|Any CPU
		{A0A98F4F-DDD0-493B-8FEB-C59A67D943B1}.Release|Any CPU.ActiveCfg = Release|Any CPU
		{A0A98F4F-DDD0-493B-8FEB-C59A67D943B1}.Release|Any CPU.Build.0 = Release|Any CPU
	EndGlobalSection
	GlobalSection(SolutionProperties) = preSolution
		HideSolutionNode = FALSE
	EndGlobalSection
	GlobalSection(ExtensibilityGlobals) = postSolution
		SolutionGuid = {C66AEE01-0432-4665-96C4-AD3F882F23A1}
	EndGlobalSection
EndGlobal
